
Microsoft Visual Studio Solution File, Format Version 11.00
# Visual Studio 2010
Project("{FAE04EC0-301F-11D3-BF4B-00C04F79EFBC}") = "OuchMercenary_AmazonCogError", "Assembly-CSharp.csproj", "{AA5BAF9A-4523-89C9-E562-EE0A86B0408F}"
EndProject
Project("{FAE04EC0-301F-11D3-BF4B-00C04F79EFBC}") = "OuchMercenary_AmazonCogError", "Assembly-CSharp-Editor.csproj", "{134F275D-6FB9-DB72-FF68-E2F8043335E6}"
EndProject
Global
	GlobalSection(SolutionConfigurationPlatforms) = preSolution
		Debug|Any CPU = Debug|Any CPU
		Release|Any CPU = Release|Any CPU
	EndGlobalSection
	GlobalSection(ProjectConfigurationPlatforms) = postSolution
		{AA5BAF9A-4523-89C9-E562-EE0A86B0408F}.Debug|Any CPU.ActiveCfg = Debug|Any CPU
		{AA5BAF9A-4523-89C9-E562-EE0A86B0408F}.Debug|Any CPU.Build.0 = Debug|Any CPU
		{AA5BAF9A-4523-89C9-E562-EE0A86B0408F}.Release|Any CPU.ActiveCfg = Release|Any CPU
		{AA5BAF9A-4523-89C9-E562-EE0A86B0408F}.Release|Any CPU.Build.0 = Release|Any CPU
		{134F275D-6FB9-DB72-FF68-E2F8043335E6}.Debug|Any CPU.ActiveCfg = Debug|Any CPU
		{134F275D-6FB9-DB72-FF68-E2F8043335E6}.Debug|Any CPU.Build.0 = Debug|Any CPU
		{134F275D-6FB9-DB72-FF68-E2F8043335E6}.Release|Any CPU.ActiveCfg = Release|Any CPU
		{134F275D-6FB9-DB72-FF68-E2F8043335E6}.Release|Any CPU.Build.0 = Release|Any CPU
	EndGlobalSection
	GlobalSection(SolutionProperties) = preSolution
		HideSolutionNode = FALSE
	EndGlobalSection
	GlobalSection(MonoDevelopProperties) = preSolution
		StartupItem = Assembly-CSharp.csproj
	EndGlobalSection
EndGlobal
