
Microsoft Visual Studio Solution File, Format Version 12.00
# Visual Studio 2017
Project("{FAE04EC0-301F-11D3-BF4B-00C04F79EFBC}") = "OuchMercenary", "OuchMercenary.csproj", "{ABDB6780-48B2-7F58-4D2D-FA17B93C1C71}"
EndProject
Project("{FAE04EC0-301F-11D3-BF4B-00C04F79EFBC}") = "OuchMercenary.Editor", "OuchMercenary.Editor.csproj", "{B328BFB2-0C13-B013-3902-C36A42404D2A}"
EndProject
Global
	GlobalSection(SolutionConfigurationPlatforms) = preSolution
		Debug|Any CPU = Debug|Any CPU
		Release|Any CPU = Release|Any CPU
	EndGlobalSection
	GlobalSection(ProjectConfigurationPlatforms) = postSolution
		{ABDB6780-48B2-7F58-4D2D-FA17B93C1C71}.Debug|Any CPU.ActiveCfg = Debug|Any CPU
		{ABDB6780-48B2-7F58-4D2D-FA17B93C1C71}.Debug|Any CPU.Build.0 = Debug|Any CPU
		{ABDB6780-48B2-7F58-4D2D-FA17B93C1C71}.Release|Any CPU.ActiveCfg = Release|Any CPU
		{ABDB6780-48B2-7F58-4D2D-FA17B93C1C71}.Release|Any CPU.Build.0 = Release|Any CPU
		{B328BFB2-0C13-B013-3902-C36A42404D2A}.Debug|Any CPU.ActiveCfg = Debug|Any CPU
		{B328BFB2-0C13-B013-3902-C36A42404D2A}.Debug|Any CPU.Build.0 = Debug|Any CPU
		{B328BFB2-0C13-B013-3902-C36A42404D2A}.Release|Any CPU.ActiveCfg = Release|Any CPU
		{B328BFB2-0C13-B013-3902-C36A42404D2A}.Release|Any CPU.Build.0 = Release|Any CPU
	EndGlobalSection
	GlobalSection(SolutionProperties) = preSolution
		HideSolutionNode = FALSE
	EndGlobalSection
EndGlobal
