
Microsoft Visual Studio Solution File, Format Version 11.00
# Visual Studio 2010
Project("{FAE04EC0-301F-11D3-BF4B-00C04F79EFBC}") = "OuchMercenary_171120", "Assembly-CSharp.csproj", "{C0E7A1CA-8610-0A76-6C99-276C49C11B36}"
EndProject
Project("{FAE04EC0-301F-11D3-BF4B-00C04F79EFBC}") = "OuchMercenary_171120", "Assembly-CSharp-Editor.csproj", "{9B3AEB50-9998-EDE8-833F-D12D8E7039C1}"
EndProject
Global
	GlobalSection(SolutionConfigurationPlatforms) = preSolution
		Debug|Any CPU = Debug|Any CPU
		Release|Any CPU = Release|Any CPU
	EndGlobalSection
	GlobalSection(ProjectConfigurationPlatforms) = postSolution
		{C0E7A1CA-8610-0A76-6C99-276C49C11B36}.Debug|Any CPU.ActiveCfg = Debug|Any CPU
		{C0E7A1CA-8610-0A76-6C99-276C49C11B36}.Debug|Any CPU.Build.0 = Debug|Any CPU
		{C0E7A1CA-8610-0A76-6C99-276C49C11B36}.Release|Any CPU.ActiveCfg = Release|Any CPU
		{C0E7A1CA-8610-0A76-6C99-276C49C11B36}.Release|Any CPU.Build.0 = Release|Any CPU
		{9B3AEB50-9998-EDE8-833F-D12D8E7039C1}.Debug|Any CPU.ActiveCfg = Debug|Any CPU
		{9B3AEB50-9998-EDE8-833F-D12D8E7039C1}.Debug|Any CPU.Build.0 = Debug|Any CPU
		{9B3AEB50-9998-EDE8-833F-D12D8E7039C1}.Release|Any CPU.ActiveCfg = Release|Any CPU
		{9B3AEB50-9998-EDE8-833F-D12D8E7039C1}.Release|Any CPU.Build.0 = Release|Any CPU
	EndGlobalSection
	GlobalSection(SolutionProperties) = preSolution
		HideSolutionNode = FALSE
	EndGlobalSection
	GlobalSection(MonoDevelopProperties) = preSolution
		StartupItem = Assembly-CSharp.csproj
	EndGlobalSection
EndGlobal
